
Microsoft Visual Studio Solution File, Format Version 12.00
# Visual Studio Version 16
VisualStudioVersion = 25.0.1706.11
MinimumVisualStudioVersion = 10.0.40219.1
Project("{FAE04EC0-301F-11D3-BF4B-00C04F79EFBC}") = "Bulky", "Bulky\Bulky.csproj", "{7C3A6CFF-ECE7-4491-B5D8-2E0055DAD839}"
EndProject
Global
	GlobalSection(SolutionConfigurationPlatforms) = preSolution
		Debug|Any CPU = Debug|Any CPU
		Release|Any CPU = Release|Any CPU
	EndGlobalSection
	GlobalSection(ProjectConfigurationPlatforms) = postSolution
		{7C3A6CFF-ECE7-4491-B5D8-2E0055DAD839}.Debug|Any CPU.ActiveCfg = Debug|Any CPU
		{7C3A6CFF-ECE7-4491-B5D8-2E0055DAD839}.Debug|Any CPU.Build.0 = Debug|Any CPU
		{7C3A6CFF-ECE7-4491-B5D8-2E0055DAD839}.Release|Any CPU.ActiveCfg = Release|Any CPU
		{7C3A6CFF-ECE7-4491-B5D8-2E0055DAD839}.Release|Any CPU.Build.0 = Release|Any CPU
	EndGlobalSection
	GlobalSection(SolutionProperties) = preSolution
		HideSolutionNode = FALSE
	EndGlobalSection
	GlobalSection(ExtensibilityGlobals) = postSolution
		SolutionGuid = {00A0969D-37A9-4332-A2AC-1FFDFCE4A58A}
	EndGlobalSection
EndGlobal
